
Microsoft Visual Studio Solution File, Format Version 12.00
# Visual Studio Version 17
VisualStudioVersion = 17.14.36203.30
MinimumVisualStudioVersion = 10.0.40219.1
Project("{FAE04EC0-301F-11D3-BF4B-00C04F79EFBC}") = "WsCrud", "WsCrud.csproj", "{64DADA05-88ED-4C3B-92BF-17BD9CB1DF30}"
EndProject
Project("{FAE04EC0-301F-11D3-BF4B-00C04F79EFBC}") = "WsCrud.Tests", "WsCrud.Tests.csproj", "{0A4FDC76-F334-4450-9605-3B4ABD69F18C}"
EndProject
Global
	GlobalSection(SolutionConfigurationPlatforms) = preSolution
		Debug|Any CPU = Debug|Any CPU
		Debug|x64 = Debug|x64
		Debug|x86 = Debug|x86
		Release|Any CPU = Release|Any CPU
		Release|x64 = Release|x64
		Release|x86 = Release|x86
	EndGlobalSection
	GlobalSection(ProjectConfigurationPlatforms) = postSolution
		{64DADA05-88ED-4C3B-92BF-17BD9CB1DF30}.Debug|Any CPU.ActiveCfg = Debug|Any CPU
		{64DADA05-88ED-4C3B-92BF-17BD9CB1DF30}.Debug|Any CPU.Build.0 = Debug|Any CPU
		{64DADA05-88ED-4C3B-92BF-17BD9CB1DF30}.Debug|x64.ActiveCfg = Debug|Any CPU
		{64DADA05-88ED-4C3B-92BF-17BD9CB1DF30}.Debug|x64.Build.0 = Debug|Any CPU
		{64DADA05-88ED-4C3B-92BF-17BD9CB1DF30}.Debug|x86.ActiveCfg = Debug|Any CPU
		{64DADA05-88ED-4C3B-92BF-17BD9CB1DF30}.Debug|x86.Build.0 = Debug|Any CPU
		{64DADA05-88ED-4C3B-92BF-17BD9CB1DF30}.Release|Any CPU.ActiveCfg = Release|Any CPU
		{64DADA05-88ED-4C3B-92BF-17BD9CB1DF30}.Release|Any CPU.Build.0 = Release|Any CPU
		{64DADA05-88ED-4C3B-92BF-17BD9CB1DF30}.Release|x64.ActiveCfg = Release|Any CPU
		{64DADA05-88ED-4C3B-92BF-17BD9CB1DF30}.Release|x64.Build.0 = Release|Any CPU
		{64DADA05-88ED-4C3B-92BF-17BD9CB1DF30}.Release|x86.ActiveCfg = Release|Any CPU
		{64DADA05-88ED-4C3B-92BF-17BD9CB1DF30}.Release|x86.Build.0 = Release|Any CPU
		{0A4FDC76-F334-4450-9605-3B4ABD69F18C}.Debug|Any CPU.ActiveCfg = Debug|Any CPU
		{0A4FDC76-F334-4450-9605-3B4ABD69F18C}.Debug|Any CPU.Build.0 = Debug|Any CPU
		{0A4FDC76-F334-4450-9605-3B4ABD69F18C}.Debug|x64.ActiveCfg = Debug|Any CPU
		{0A4FDC76-F334-4450-9605-3B4ABD69F18C}.Debug|x64.Build.0 = Debug|Any CPU
		{0A4FDC76-F334-4450-9605-3B4ABD69F18C}.Debug|x86.ActiveCfg = Debug|Any CPU
		{0A4FDC76-F334-4450-9605-3B4ABD69F18C}.Debug|x86.Build.0 = Debug|Any CPU
		{0A4FDC76-F334-4450-9605-3B4ABD69F18C}.Release|Any CPU.ActiveCfg = Release|Any CPU
		{0A4FDC76-F334-4450-9605-3B4ABD69F18C}.Release|Any CPU.Build.0 = Release|Any CPU
		{0A4FDC76-F334-4450-9605-3B4ABD69F18C}.Release|x64.ActiveCfg = Release|Any CPU
		{0A4FDC76-F334-4450-9605-3B4ABD69F18C}.Release|x64.Build.0 = Release|Any CPU
		{0A4FDC76-F334-4450-9605-3B4ABD69F18C}.Release|x86.ActiveCfg = Release|Any CPU
		{0A4FDC76-F334-4450-9605-3B4ABD69F18C}.Release|x86.Build.0 = Release|Any CPU
	EndGlobalSection
	GlobalSection(SolutionProperties) = preSolution
		HideSolutionNode = FALSE
	EndGlobalSection
	GlobalSection(ExtensibilityGlobals) = postSolution
		SolutionGuid = {27DA994C-AB62-41F4-B19E-C7274D7D11C4}
	EndGlobalSection
EndGlobal
